// !$*UTF8*$!
{
	archiveVersion = 1;
	classes = {
	};
	objectVersion = 77;
	objects = {

/* Begin PBXContainerItemProxy section */
		6C08D9052D2C056700A04EB9 /* PBXContainerItemProxy */ = {
			isa = PBXContainerItemProxy;
			containerPortal = 6C08D8E62D2C056600A04EB9 /* Project object */;
			proxyType = 1;
			remoteGlobalIDString = 6C08D8ED2D2C056600A04EB9;
			remoteInfo = MVVMCDemo;
		};
		6C08D90F2D2C056700A04EB9 /* PBXContainerItemProxy */ = {
			isa = PBXContainerItemProxy;
			containerPortal = 6C08D8E62D2C056600A04EB9 /* Project object */;
			proxyType = 1;
			remoteGlobalIDString = 6C08D8ED2D2C056600A04EB9;
			remoteInfo = MVVMCDemo;
		};
/* End PBXContainerItemProxy section */

/* Begin PBXFileReference section */
		6C08D8EE2D2C056600A04EB9 /* MVVMCDemo.app */ = {isa = PBXFileReference; explicitFileType = wrapper.application; includeInIndex = 0; path = MVVMCDemo.app; sourceTree = BUILT_PRODUCTS_DIR; };
		6C08D9042D2C056700A04EB9 /* MVVMCDemoTests.xctest */ = {isa = PBXFileReference; explicitFileType = wrapper.cfbundle; includeInIndex = 0; path = MVVMCDemoTests.xctest; sourceTree = BUILT_PRODUCTS_DIR; };
		6C08D90E2D2C056700A04EB9 /* MVVMCDemoUITests.xctest */ = {isa = PBXFileReference; explicitFileType = wrapper.cfbundle; includeInIndex = 0; path = MVVMCDemoUITests.xctest; sourceTree = BUILT_PRODUCTS_DIR; };
/* End PBXFileReference section */

/* Begin PBXFileSystemSynchronizedBuildFileExceptionSet section */
		6C08D9162D2C056700A04EB9 /* Exceptions for "MVVMCDemo" folder in "MVVMCDemo" target */ = {
			isa = PBXFileSystemSynchronizedBuildFileExceptionSet;
			membershipExceptions = (
				Info.plist,
			);
			target = 6C08D8ED2D2C056600A04EB9 /* MVVMCDemo */;
		};
/* End PBXFileSystemSynchronizedBuildFileExceptionSet section */

/* Begin PBXFileSystemSynchronizedRootGroup section */
		6C08D8F02D2C056600A04EB9 /* MVVMCDemo */ = {
			isa = PBXFileSystemSynchronizedRootGroup;
			exceptions = (
				6C08D9162D2C056700A04EB9 /* Exceptions for "MVVMCDemo" folder in "MVVMCDemo" target */,
			);
			path = MVVMCDemo;
			sourceTree = "<group>";
		};
		6C08D9072D2C056700A04EB9 /* MVVMCDemoTests */ = {
			isa = PBXFileSystemSynchronizedRootGroup;
			path = MVVMCDemoTests;
			sourceTree = "<group>";
		};
		6C08D9112D2C056700A04EB9 /* MVVMCDemoUITests */ = {
			isa = PBXFileSystemSynchronizedRootGroup;
			path = MVVMCDemoUITests;
			sourceTree = "<group>";
		};
/* End PBXFileSystemSynchronizedRootGroup section */

/* Begin PBXFrameworksBuildPhase section */
		6C08D8EB2D2C056600A04EB9 /* Frameworks */ = {
			isa = PBXFrameworksBuildPhase;
			buildActionMask = 2147483647;
			files = (
			);
			runOnlyForDeploymentPostprocessing = 0;
		};
		6C08D9012D2C056700A04EB9 /* Frameworks */ = {
			isa = PBXFrameworksBuildPhase;
			buildActionMask = 2147483647;
			files = (
			);
			runOnlyForDeploymentPostprocessing = 0;
		};
		6C08D90B2D2C056700A04EB9 /* Frameworks */ = {
			isa = PBXFrameworksBuildPhase;
			buildActionMask = 2147483647;
			files = (
			);
			runOnlyForDeploymentPostprocessing = 0;
		};
/* End PBXFrameworksBuildPhase section */

/* Begin PBXGroup section */
		6C08D8E52D2C056600A04EB9 = {
			isa = PBXGroup;
			children = (
				6C08D8F02D2C056600A04EB9 /* MVVMCDemo */,
				6C08D9072D2C056700A04EB9 /* MVVMCDemoTests */,
				6C08D9112D2C056700A04EB9 /* MVVMCDemoUITests */,
				6C08D8EF2D2C056600A04EB9 /* Products */,
			);
			sourceTree = "<group>";
		};
		6C08D8EF2D2C056600A04EB9 /* Products */ = {
			isa = PBXGroup;
			children = (
				6C08D8EE2D2C056600A04EB9 /* MVVMCDemo.app */,
				6C08D9042D2C056700A04EB9 /* MVVMCDemoTests.xctest */,
				6C08D90E2D2C056700A04EB9 /* MVVMCDemoUITests.xctest */,
			);
			name = Products;
			sourceTree = "<group>";
		};
/* End PBXGroup section */

/* Begin PBXNativeTarget section */
		6C08D8ED2D2C056600A04EB9 /* MVVMCDemo */ = {
			isa = PBXNativeTarget;
			buildConfigurationList = 6C08D9172D2C056700A04EB9 /* Build configuration list for PBXNativeTarget "MVVMCDemo" */;
			buildPhases = (
				6C08D8EA2D2C056600A04EB9 /* Sources */,
				6C08D8EB2D2C056600A04EB9 /* Frameworks */,
				6C08D8EC2D2C056600A04EB9 /* Resources */,
			);
			buildRules = (
			);
			dependencies = (
			);
			fileSystemSynchronizedGroups = (
				6C08D8F02D2C056600A04EB9 /* MVVMCDemo */,
			);
			name = MVVMCDemo;
			packageProductDependencies = (
			);
			productName = MVVMCDemo;
			productReference = 6C08D8EE2D2C056600A04EB9 /* MVVMCDemo.app */;
			productType = "com.apple.product-type.application";
		};
		6C08D9032D2C056700A04EB9 /* MVVMCDemoTests */ = {
			isa = PBXNativeTarget;
			buildConfigurationList = 6C08D91C2D2C056700A04EB9 /* Build configuration list for PBXNativeTarget "MVVMCDemoTests" */;
			buildPhases = (
				6C08D9002D2C056700A04EB9 /* Sources */,
				6C08D9012D2C056700A04EB9 /* Frameworks */,
				6C08D9022D2C056700A04EB9 /* Resources */,
			);
			buildRules = (
			);
			dependencies = (
				6C08D9062D2C056700A04EB9 /* PBXTargetDependency */,
			);
			fileSystemSynchronizedGroups = (
				6C08D9072D2C056700A04EB9 /* MVVMCDemoTests */,
			);
			name = MVVMCDemoTests;
			packageProductDependencies = (
			);
			productName = MVVMCDemoTests;
			productReference = 6C08D9042D2C056700A04EB9 /* MVVMCDemoTests.xctest */;
			productType = "com.apple.product-type.bundle.unit-test";
		};
		6C08D90D2D2C056700A04EB9 /* MVVMCDemoUITests */ = {
			isa = PBXNativeTarget;
			buildConfigurationList = 6C08D91F2D2C056700A04EB9 /* Build configuration list for PBXNativeTarget "MVVMCDemoUITests" */;
			buildPhases = (
				6C08D90A2D2C056700A04EB9 /* Sources */,
				6C08D90B2D2C056700A04EB9 /* Frameworks */,
				6C08D90C2D2C056700A04EB9 /* Resources */,
			);
			buildRules = (
			);
			dependencies = (
				6C08D9102D2C056700A04EB9 /* PBXTargetDependency */,
			);
			fileSystemSynchronizedGroups = (
				6C08D9112D2C056700A04EB9 /* MVVMCDemoUITests */,
			);
			name = MVVMCDemoUITests;
			packageProductDependencies = (
			);
			productName = MVVMCDemoUITests;
			productReference = 6C08D90E2D2C056700A04EB9 /* MVVMCDemoUITests.xctest */;
			productType = "com.apple.product-type.bundle.ui-testing";
		};
/* End PBXNativeTarget section */

/* Begin PBXProject section */
		6C08D8E62D2C056600A04EB9 /* Project object */ = {
			isa = PBXProject;
			attributes = {
				BuildIndependentTargetsInParallel = 1;
				LastSwiftUpdateCheck = 1610;
				LastUpgradeCheck = 1610;
				TargetAttributes = {
					6C08D8ED2D2C056600A04EB9 = {
						CreatedOnToolsVersion = 16.1;
					};
					6C08D9032D2C056700A04EB9 = {
						CreatedOnToolsVersion = 16.1;
						TestTargetID = 6C08D8ED2D2C056600A04EB9;
					};
					6C08D90D2D2C056700A04EB9 = {
						CreatedOnToolsVersion = 16.1;
						TestTargetID = 6C08D8ED2D2C056600A04EB9;
					};
				};
			};
			buildConfigurationList = 6C08D8E92D2C056600A04EB9 /* Build configuration list for PBXProject "MVVMCDemo" */;
			developmentRegion = en;
			hasScannedForEncodings = 0;
			knownRegions = (
				en,
				Base,
			);
			mainGroup = 6C08D8E52D2C056600A04EB9;
			minimizedProjectReferenceProxies = 1;
			preferredProjectObjectVersion = 77;
			productRefGroup = 6C08D8EF2D2C056600A04EB9 /* Products */;
			projectDirPath = "";
			projectRoot = "";
			targets = (
				6C08D8ED2D2C056600A04EB9 /* MVVMCDemo */,
				6C08D9032D2C056700A04EB9 /* MVVMCDemoTests */,
				6C08D90D2D2C056700A04EB9 /* MVVMCDemoUITests */,
			);
		};
/* End PBXProject section */

/* Begin PBXResourcesBuildPhase section */
		6C08D8EC2D2C056600A04EB9 /* Resources */ = {
			isa = PBXResourcesBuildPhase;
			buildActionMask = 2147483647;
			files = (
			);
			runOnlyForDeploymentPostprocessing = 0;
		};
		6C08D9022D2C056700A04EB9 /* Resources */ = {
			isa = PBXResourcesBuildPhase;
			buildActionMask = 2147483647;
			files = (
			);
			runOnlyForDeploymentPostprocessing = 0;
		};
		6C08D90C2D2C056700A04EB9 /* Resources */ = {
			isa = PBXResourcesBuildPhase;
			buildActionMask = 2147483647;
			files = (
			);
			runOnlyForDeploymentPostprocessing = 0;
		};
/* End PBXResourcesBuildPhase section */

/* Begin PBXSourcesBuildPhase section */
		6C08D8EA2D2C056600A04EB9 /* Sources */ = {
			isa = PBXSourcesBuildPhase;
			buildActionMask = 2147483647;
			files = (
			);
			runOnlyForDeploymentPostprocessing = 0;
		};
		6C08D9002D2C056700A04EB9 /* Sources */ = {
			isa = PBXSourcesBuildPhase;
			buildActionMask = 2147483647;
			files = (
			);
			runOnlyForDeploymentPostprocessing = 0;
		};
		6C08D90A2D2C056700A04EB9 /* Sources */ = {
			isa = PBXSourcesBuildPhase;
			buildActionMask = 2147483647;
			files = (
			);
			runOnlyForDeploymentPostprocessing = 0;
		};
/* End PBXSourcesBuildPhase section */

/* Begin PBXTargetDependency section */
		6C08D9062D2C056700A04EB9 /* PBXTargetDependency */ = {
			isa = PBXTargetDependency;
			target = 6C08D8ED2D2C056600A04EB9 /* MVVMCDemo */;
			targetProxy = 6C08D9052D2C056700A04EB9 /* PBXContainerItemProxy */;
		};
		6C08D9102D2C056700A04EB9 /* PBXTargetDependency */ = {
			isa = PBXTargetDependency;
			target = 6C08D8ED2D2C056600A04EB9 /* MVVMCDemo */;
			targetProxy = 6C08D90F2D2C056700A04EB9 /* PBXContainerItemProxy */;
		};
/* End PBXTargetDependency section */

/* Begin XCBuildConfiguration section */
		6C08D9182D2C056700A04EB9 /* Debug */ = {
			isa = XCBuildConfiguration;
			buildSettings = {
				ASSETCATALOG_COMPILER_APPICON_NAME = AppIcon;
				ASSETCATALOG_COMPILER_GLOBAL_ACCENT_COLOR_NAME = AccentColor;
				CODE_SIGN_STYLE = Automatic;
				CURRENT_PROJECT_VERSION = 1;
				DEVELOPMENT_TEAM = CS52G5Z35S;
				GENERATE_INFOPLIST_FILE = YES;
				INFOPLIST_FILE = MVVMCDemo/Info.plist;
				INFOPLIST_KEY_UIApplicationSupportsIndirectInputEvents = YES;
				INFOPLIST_KEY_UILaunchStoryboardName = LaunchScreen;
				INFOPLIST_KEY_UIMainStoryboardFile = Main;
				INFOPLIST_KEY_UISupportedInterfaceOrientations_iPad = "UIInterfaceOrientationPortrait UIInterfaceOrientationPortraitUpsideDown UIInterfaceOrientationLandscapeLeft UIInterfaceOrientationLandscapeRight";
				INFOPLIST_KEY_UISupportedInterfaceOrientations_iPhone = "UIInterfaceOrientationPortrait UIInterfaceOrientationLandscapeLeft UIInterfaceOrientationLandscapeRight";
				LD_RUNPATH_SEARCH_PATHS = (
					"$(inherited)",
					"@executable_path/Frameworks",
				);
				MARKETING_VERSION = 1.0;
				PRODUCT_BUNDLE_IDENTIFIER = xyz.yourtools.MVVMCDemo;
				PRODUCT_NAME = "$(TARGET_NAME)";
				SWIFT_EMIT_LOC_STRINGS = YES;
				SWIFT_VERSION = 5.0;
				TARGETED_DEVICE_FAMILY = "1,2";
			};
			name = Debug;
		};
		6C08D9192D2C056700A04EB9 /* Release */ = {
			isa = XCBuildConfiguration;
			buildSettings = {
				ASSETCATALOG_COMPILER_APPICON_NAME = AppIcon;
				ASSETCATALOG_COMPILER_GLOBAL_ACCENT_COLOR_NAME = AccentColor;
				CODE_SIGN_STYLE = Automatic;
				CURRENT_PROJECT_VERSION = 1;
				DEVELOPMENT_TEAM = CS52G5Z35S;
				GENERATE_INFOPLIST_FILE = YES;
				INFOPLIST_FILE = MVVMCDemo/Info.plist;
				INFOPLIST_KEY_UIApplicationSupportsIndirectInputEvents = YES;
				INFOPLIST_KEY_UILaunchStoryboardName = LaunchScreen;
				INFOPLIST_KEY_UIMainStoryboardFile = Main;
				INFOPLIST_KEY_UISupportedInterfaceOrientations_iPad = "UIInterfaceOrientationPortrait UIInterfaceOrientationPortraitUpsideDown UIInterfaceOrientationLandscapeLeft UIInterfaceOrientationLandscapeRight";
				INFOPLIST_KEY_UISupportedInterfaceOrientations_iPhone = "UIInterfaceOrientationPortrait UIInterfaceOrientationLandscapeLeft UIInterfaceOrientationLandscapeRight";
				LD_RUNPATH_SEARCH_PATHS = (
					"$(inherited)",
					"@executable_path/Frameworks",
				);
				MARKETING_VERSION = 1.0;
				PRODUCT_BUNDLE_IDENTIFIER = xyz.yourtools.MVVMCDemo;
				PRODUCT_NAME = "$(TARGET_NAME)";
				SWIFT_EMIT_LOC_STRINGS = YES;
				SWIFT_VERSION = 5.0;
				TARGETED_DEVICE_FAMILY = "1,2";
			};
			name = Release;
		};
		6C08D91A2D2C056700A04EB9 /* Debug */ = {
			isa = XCBuildConfiguration;
			buildSettings = {
				ALWAYS_SEARCH_USER_PATHS = NO;
				ASSETCATALOG_COMPILER_GENERATE_SWIFT_ASSET_SYMBOL_EXTENSIONS = YES;
				CLANG_ANALYZER_NONNULL = YES;
				CLANG_ANALYZER_NUMBER_OBJECT_CONVERSION = YES_AGGRESSIVE;
				CLANG_CXX_LANGUAGE_STANDARD = "gnu++20";
				CLANG_ENABLE_MODULES = YES;
				CLANG_ENABLE_OBJC_ARC = YES;
				CLANG_ENABLE_OBJC_WEAK = YES;
				CLANG_WARN_BLOCK_CAPTURE_AUTORELEASING = YES;
				CLANG_WARN_BOOL_CONVERSION = YES;
				CLANG_WARN_COMMA = YES;
				CLANG_WARN_CONSTANT_CONVERSION = YES;
				CLANG_WARN_DEPRECATED_OBJC_IMPLEMENTATIONS = YES;
				CLANG_WARN_DIRECT_OBJC_ISA_USAGE = YES_ERROR;
				CLANG_WARN_DOCUMENTATION_COMMENTS = YES;
				CLANG_WARN_EMPTY_BODY = YES;
				CLANG_WARN_ENUM_CONVERSION = YES;
				CLANG_WARN_INFINITE_RECURSION = YES;
				CLANG_WARN_INT_CONVERSION = YES;
				CLANG_WARN_NON_LITERAL_NULL_CONVERSION = YES;
				CLANG_WARN_OBJC_IMPLICIT_RETAIN_SELF = YES;
				CLANG_WARN_OBJC_LITERAL_CONVERSION = YES;
				CLANG_WARN_OBJC_ROOT_CLASS = YES_ERROR;
				CLANG_WARN_QUOTED_INCLUDE_IN_FRAMEWORK_HEADER = YES;
				CLANG_WARN_RANGE_LOOP_ANALYSIS = YES;
				CLANG_WARN_STRICT_PROTOTYPES = YES;
				CLANG_WARN_SUSPICIOUS_MOVE = YES;
				CLANG_WARN_UNGUARDED_AVAILABILITY = YES_AGGRESSIVE;
				CLANG_WARN_UNREACHABLE_CODE = YES;
				CLANG_WARN__DUPLICATE_METHOD_MATCH = YES;
				COPY_PHASE_STRIP = NO;
				DEBUG_INFORMATION_FORMAT = dwarf;
				ENABLE_STRICT_OBJC_MSGSEND = YES;
				ENABLE_TESTABILITY = YES;
				ENABLE_USER_SCRIPT_SANDBOXING = YES;
				GCC_C_LANGUAGE_STANDARD = gnu17;
				GCC_DYNAMIC_NO_PIC = NO;
				GCC_NO_COMMON_BLOCKS = YES;
				GCC_OPTIMIZATION_LEVEL = 0;
				GCC_PREPROCESSOR_DEFINITIONS = (
					"DEBUG=1",
					"$(inherited)",
				);
				GCC_WARN_64_TO_32_BIT_CONVERSION = YES;
				GCC_WARN_ABOUT_RETURN_TYPE = YES_ERROR;
				GCC_WARN_UNDECLARED_SELECTOR = YES;
				GCC_WARN_UNINITIALIZED_AUTOS = YES_AGGRESSIVE;
				GCC_WARN_UNUSED_FUNCTION = YES;
				GCC_WARN_UNUSED_VARIABLE = YES;
				IPHONEOS_DEPLOYMENT_TARGET = 18.1;
				LOCALIZATION_PREFERS_STRING_CATALOGS = YES;
				MTL_ENABLE_DEBUG_INFO = INCLUDE_SOURCE;
				MTL_FAST_MATH = YES;
				ONLY_ACTIVE_ARCH = YES;
				SDKROOT = iphoneos;
				SWIFT_ACTIVE_COMPILATION_CONDITIONS = "DEBUG $(inherited)";
				SWIFT_OPTIMIZATION_LEVEL = "-Onone";
			};
			name = Debug;
		};
		6C08D91B2D2C056700A04EB9 /* Release */ = {
			isa = XCBuildConfiguration;
			buildSettings = {
				ALWAYS_SEARCH_USER_PATHS = NO;
				ASSETCATALOG_COMPILER_GENERATE_SWIFT_ASSET_SYMBOL_EXTENSIONS = YES;
				CLANG_ANALYZER_NONNULL = YES;
				CLANG_ANALYZER_NUMBER_OBJECT_CONVERSION = YES_AGGRESSIVE;
				CLANG_CXX_LANGUAGE_STANDARD = "gnu++20";
				CLANG_ENABLE_MODULES = YES;
				CLANG_ENABLE_OBJC_ARC = YES;
				CLANG_ENABLE_OBJC_WEAK = YES;
				CLANG_WARN_BLOCK_CAPTURE_AUTORELEASING = YES;
				CLANG_WARN_BOOL_CONVERSION = YES;
				CLANG_WARN_COMMA = YES;
				CLANG_WARN_CONSTANT_CONVERSION = YES;
				CLANG_WARN_DEPRECATED_OBJC_IMPLEMENTATIONS = YES;
				CLANG_WARN_DIRECT_OBJC_ISA_USAGE = YES_ERROR;
				CLANG_WARN_DOCUMENTATION_COMMENTS = YES;
				CLANG_WARN_EMPTY_BODY = YES;
				CLANG_WARN_ENUM_CONVERSION = YES;
				CLANG_WARN_INFINITE_RECURSION = YES;
				CLANG_WARN_INT_CONVERSION = YES;
				CLANG_WARN_NON_LITERAL_NULL_CONVERSION = YES;
				CLANG_WARN_OBJC_IMPLICIT_RETAIN_SELF = YES;
				CLANG_WARN_OBJC_LITERAL_CONVERSION = YES;
				CLANG_WARN_OBJC_ROOT_CLASS = YES_ERROR;
				CLANG_WARN_QUOTED_INCLUDE_IN_FRAMEWORK_HEADER = YES;
				CLANG_WARN_RANGE_LOOP_ANALYSIS = YES;
				CLANG_WARN_STRICT_PROTOTYPES = YES;
				CLANG_WARN_SUSPICIOUS_MOVE = YES;
				CLANG_WARN_UNGUARDED_AVAILABILITY = YES_AGGRESSIVE;
				CLANG_WARN_UNREACHABLE_CODE = YES;
				CLANG_WARN__DUPLICATE_METHOD_MATCH = YES;
				COPY_PHASE_STRIP = NO;
				DEBUG_INFORMATION_FORMAT = "dwarf-with-dsym";
				ENABLE_NS_ASSERTIONS = NO;
				ENABLE_STRICT_OBJC_MSGSEND = YES;
				ENABLE_USER_SCRIPT_SANDBOXING = YES;
				GCC_C_LANGUAGE_STANDARD = gnu17;
				GCC_NO_COMMON_BLOCKS = YES;
				GCC_WARN_64_TO_32_BIT_CONVERSION = YES;
				GCC_WARN_ABOUT_RETURN_TYPE = YES_ERROR;
				GCC_WARN_UNDECLARED_SELECTOR = YES;
				GCC_WARN_UNINITIALIZED_AUTOS = YES_AGGRESSIVE;
				GCC_WARN_UNUSED_FUNCTION = YES;
				GCC_WARN_UNUSED_VARIABLE = YES;
				IPHONEOS_DEPLOYMENT_TARGET = 18.1;
				LOCALIZATION_PREFERS_STRING_CATALOGS = YES;
				MTL_ENABLE_DEBUG_INFO = NO;
				MTL_FAST_MATH = YES;
				SDKROOT = iphoneos;
				SWIFT_COMPILATION_MODE = wholemodule;
				VALIDATE_PRODUCT = YES;
			};
			name = Release;
		};
		6C08D91D2D2C056700A04EB9 /* Debug */ = {
			isa = XCBuildConfiguration;
			buildSettings = {
				BUNDLE_LOADER = "$(TEST_HOST)";
				CODE_SIGN_STYLE = Automatic;
				CURRENT_PROJECT_VERSION = 1;
				DEVELOPMENT_TEAM = CS52G5Z35S;
				GENERATE_INFOPLIST_FILE = YES;
				IPHONEOS_DEPLOYMENT_TARGET = 18.1;
				MARKETING_VERSION = 1.0;
				PRODUCT_BUNDLE_IDENTIFIER = xyz.yourtools.MVVMCDemoTests;
				PRODUCT_NAME = "$(TARGET_NAME)";
				SWIFT_EMIT_LOC_STRINGS = NO;
				SWIFT_VERSION = 5.0;
				TARGETED_DEVICE_FAMILY = "1,2";
				TEST_HOST = "$(BUILT_PRODUCTS_DIR)/MVVMCDemo.app/$(BUNDLE_EXECUTABLE_FOLDER_PATH)/MVVMCDemo";
			};
			name = Debug;
		};
		6C08D91E2D2C056700A04EB9 /* Release */ = {
			isa = XCBuildConfiguration;
			buildSettings = {
				BUNDLE_LOADER = "$(TEST_HOST)";
				CODE_SIGN_STYLE = Automatic;
				CURRENT_PROJECT_VERSION = 1;
				DEVELOPMENT_TEAM = CS52G5Z35S;
				GENERATE_INFOPLIST_FILE = YES;
				IPHONEOS_DEPLOYMENT_TARGET = 18.1;
				MARKETING_VERSION = 1.0;
				PRODUCT_BUNDLE_IDENTIFIER = xyz.yourtools.MVVMCDemoTests;
				PRODUCT_NAME = "$(TARGET_NAME)";
				SWIFT_EMIT_LOC_STRINGS = NO;
				SWIFT_VERSION = 5.0;
				TARGETED_DEVICE_FAMILY = "1,2";
				TEST_HOST = "$(BUILT_PRODUCTS_DIR)/MVVMCDemo.app/$(BUNDLE_EXECUTABLE_FOLDER_PATH)/MVVMCDemo";
			};
			name = Release;
		};
		6C08D9202D2C056700A04EB9 /* Debug */ = {
			isa = XCBuildConfiguration;
			buildSettings = {
				CODE_SIGN_STYLE = Automatic;
				CURRENT_PROJECT_VERSION = 1;
				DEVELOPMENT_TEAM = CS52G5Z35S;
				GENERATE_INFOPLIST_FILE = YES;
				MARKETING_VERSION = 1.0;
				PRODUCT_BUNDLE_IDENTIFIER = xyz.yourtools.MVVMCDemoUITests;
				PRODUCT_NAME = "$(TARGET_NAME)";
				SWIFT_EMIT_LOC_STRINGS = NO;
				SWIFT_VERSION = 5.0;
				TARGETED_DEVICE_FAMILY = "1,2";
				TEST_TARGET_NAME = MVVMCDemo;
			};
			name = Debug;
		};
		6C08D9212D2C056700A04EB9 /* Release */ = {
			isa = XCBuildConfiguration;
			buildSettings = {
				CODE_SIGN_STYLE = Automatic;
				CURRENT_PROJECT_VERSION = 1;
				DEVELOPMENT_TEAM = CS52G5Z35S;
				GENERATE_INFOPLIST_FILE = YES;
				MARKETING_VERSION = 1.0;
				PRODUCT_BUNDLE_IDENTIFIER = xyz.yourtools.MVVMCDemoUITests;
				PRODUCT_NAME = "$(TARGET_NAME)";
				SWIFT_EMIT_LOC_STRINGS = NO;
				SWIFT_VERSION = 5.0;
				TARGETED_DEVICE_FAMILY = "1,2";
				TEST_TARGET_NAME = MVVMCDemo;
			};
			name = Release;
		};
/* End XCBuildConfiguration section */

/* Begin XCConfigurationList section */
		6C08D8E92D2C056600A04EB9 /* Build configuration list for PBXProject "MVVMCDemo" */ = {
			isa = XCConfigurationList;
			buildConfigurations = (
				6C08D91A2D2C056700A04EB9 /* Debug */,
				6C08D91B2D2C056700A04EB9 /* Release */,
			);
			defaultConfigurationIsVisible = 0;
			defaultConfigurationName = Release;
		};
		6C08D9172D2C056700A04EB9 /* Build configuration list for PBXNativeTarget "MVVMCDemo" */ = {
			isa = XCConfigurationList;
			buildConfigurations = (
				6C08D9182D2C056700A04EB9 /* Debug */,
				6C08D9192D2C056700A04EB9 /* Release */,
			);
			defaultConfigurationIsVisible = 0;
			defaultConfigurationName = Release;
		};
		6C08D91C2D2C056700A04EB9 /* Build configuration list for PBXNativeTarget "MVVMCDemoTests" */ = {
			isa = XCConfigurationList;
			buildConfigurations = (
				6C08D91D2D2C056700A04EB9 /* Debug */,
				6C08D91E2D2C056700A04EB9 /* Release */,
			);
			defaultConfigurationIsVisible = 0;
			defaultConfigurationName = Release;
		};
		6C08D91F2D2C056700A04EB9 /* Build configuration list for PBXNativeTarget "MVVMCDemoUITests" */ = {
			isa = XCConfigurationList;
			buildConfigurations = (
				6C08D9202D2C056700A04EB9 /* Debug */,
				6C08D9212D2C056700A04EB9 /* Release */,
			);
			defaultConfigurationIsVisible = 0;
			defaultConfigurationName = Release;
		};
/* End XCConfigurationList section */
	};
	rootObject = 6C08D8E62D2C056600A04EB9 /* Project object */;
}
